<?xml version="1.0" encoding="UTF-8" standalone="yes" ?>
<CodeBlocks_project_file>
	<FileVersion major="1" minor="6" />
	<Project>
		<Option title="FINAL_PACMAN" />
		<Option pch_mode="2" />
		<Option compiler="gcc" />
		<Build>
			<Target title="Debug">
				<Option output="bin/Debug/FINAL_PACMAN" prefix_auto="1" extension_auto="1" />
				<Option object_output="obj/Debug/" />
				<Option type="1" />
				<Option compiler="gcc" />
				<Compiler>
					<Add option="-g" />
				</Compiler>
				<Linker>
					<Add option="-lmingw32" />
					<Add option="-lSDL2" />
					<Add option="-lSDL2main" />
					<Add option="-lSDL2_image" />
					<Add option="-lSDL2_ttf" />
					<Add option="-lSDL2_mixer" />
				</Linker>
			</Target>
			<Target title="Release">
				<Option output="bin/Release/FINAL_PACMAN" prefix_auto="1" extension_auto="1" />
				<Option object_output="obj/Release/" />
				<Option type="1" />
				<Option compiler="gcc" />
				<Compiler>
					<Add option="-O2" />
				</Compiler>
				<Linker>
					<Add option="-s" />
				</Linker>
			</Target>
		</Build>
		<Compiler>
			<Add option="-Wall" />
			<Add option="-fexceptions" />
		</Compiler>
		<Unit filename="Core/game_engine.cpp" />
		<Unit filename="Core/game_engine.h" />
		<Unit filename="Core/play_state_manager.cpp" />
		<Unit filename="Core/play_state_manager.h" />
		<Unit filename="Core/window.cpp" />
		<Unit filename="Core/window.h" />
		<Unit filename="LogStatus/logstatus.cpp" />
		<Unit filename="LogStatus/logstatus.h" />
		<Unit filename="Manager/game_manager.cpp" />
		<Unit filename="Manager/game_manager.h" />
		<Unit filename="Manager/sound_manager.cpp" />
		<Unit filename="Manager/sound_manager.h" />
		<Unit filename="Manager/text_manager.cpp" />
		<Unit filename="Manager/text_manager.h" />
		<Unit filename="Manager/tick_manager.cpp" />
		<Unit filename="Manager/tick_manager.h" />
		<Unit filename="Map/map.cpp" />
		<Unit filename="Map/map.h" />
		<Unit filename="Menu/button.cpp" />
		<Unit filename="Menu/button.h" />
		<Unit filename="Menu/menu.cpp" />
		<Unit filename="Menu/menu.h" />
		<Unit filename="Object/base_object.cpp" />
		<Unit filename="Object/base_object.h" />
		<Unit filename="Object/ghost.cpp" />
		<Unit filename="Object/ghost.h" />
		<Unit filename="Object/item.cpp" />
		<Unit filename="Object/item.h" />
		<Unit filename="Object/pacman.cpp" />
		<Unit filename="Object/pacman.h" />
		<Unit filename="Object/texture_source.cpp" />
		<Unit filename="Object/texture_source.h" />
		<Unit filename="main.cpp" />
		<Extensions />
	</Project>
</CodeBlocks_project_file>
